// !$*UTF8*$!
{
	archiveVersion = 1;
	classes = {
	};
	objectVersion = 56;
	objects = {

/* Begin PBXBuildFile section */
		58B3ADF02A5A566C00B7245C /* SpeakBuddyProjectApp.swift in Sources */ = {isa = PBXBuildFile; fileRef = 58B3ADEF2A5A566C00B7245C /* SpeakBuddyProjectApp.swift */; };
		58B3ADF42A5A566E00B7245C /* Assets.xcassets in Resources */ = {isa = PBXBuildFile; fileRef = 58B3ADF32A5A566E00B7245C /* Assets.xcassets */; };
		58B3ADF72A5A566E00B7245C /* Preview Assets.xcassets in Resources */ = {isa = PBXBuildFile; fileRef = 58B3ADF62A5A566E00B7245C /* Preview Assets.xcassets */; };
		58B3AE152A5A57FC00B7245C /* SpeakBuddyColors.swift in Sources */ = {isa = PBXBuildFile; fileRef = 58B3AE0E2A5A57FC00B7245C /* SpeakBuddyColors.swift */; };
		58B3AE162A5A57FC00B7245C /* SpeakBuddyFonts.swift in Sources */ = {isa = PBXBuildFile; fileRef = 58B3AE0F2A5A57FC00B7245C /* SpeakBuddyFonts.swift */; };
		58B3AE172A5A57FC00B7245C /* SpeakBuddyButton.swift in Sources */ = {isa = PBXBuildFile; fileRef = 58B3AE112A5A57FC00B7245C /* SpeakBuddyButton.swift */; };
		58B3AE182A5A57FC00B7245C /* CloseButton.swift in Sources */ = {isa = PBXBuildFile; fileRef = 58B3AE122A5A57FC00B7245C /* CloseButton.swift */; };
		58B3AE192A5A57FC00B7245C /* PromoAnimatedBarGraphView.swift in Sources */ = {isa = PBXBuildFile; fileRef = 58B3AE132A5A57FC00B7245C /* PromoAnimatedBarGraphView.swift */; };
		58B3AE1A2A5A57FC00B7245C /* PromoView.swift in Sources */ = {isa = PBXBuildFile; fileRef = 58B3AE142A5A57FC00B7245C /* PromoView.swift */; };
/* End PBXBuildFile section */

/* Begin PBXFileReference section */
		58B3ADEC2A5A566C00B7245C /* SpeakBuddyProject.app */ = {isa = PBXFileReference; explicitFileType = wrapper.application; includeInIndex = 0; path = SpeakBuddyProject.app; sourceTree = BUILT_PRODUCTS_DIR; };
		58B3ADEF2A5A566C00B7245C /* SpeakBuddyProjectApp.swift */ = {isa = PBXFileReference; lastKnownFileType = sourcecode.swift; path = SpeakBuddyProjectApp.swift; sourceTree = "<group>"; };
		58B3ADF32A5A566E00B7245C /* Assets.xcassets */ = {isa = PBXFileReference; lastKnownFileType = folder.assetcatalog; path = Assets.xcassets; sourceTree = "<group>"; };
		58B3ADF62A5A566E00B7245C /* Preview Assets.xcassets */ = {isa = PBXFileReference; lastKnownFileType = folder.assetcatalog; path = "Preview Assets.xcassets"; sourceTree = "<group>"; };
		58B3AE0E2A5A57FC00B7245C /* SpeakBuddyColors.swift */ = {isa = PBXFileReference; fileEncoding = 4; lastKnownFileType = sourcecode.swift; path = SpeakBuddyColors.swift; sourceTree = "<group>"; };
		58B3AE0F2A5A57FC00B7245C /* SpeakBuddyFonts.swift */ = {isa = PBXFileReference; fileEncoding = 4; lastKnownFileType = sourcecode.swift; path = SpeakBuddyFonts.swift; sourceTree = "<group>"; };
		58B3AE112A5A57FC00B7245C /* SpeakBuddyButton.swift */ = {isa = PBXFileReference; fileEncoding = 4; lastKnownFileType = sourcecode.swift; path = SpeakBuddyButton.swift; sourceTree = "<group>"; };
		58B3AE122A5A57FC00B7245C /* CloseButton.swift */ = {isa = PBXFileReference; fileEncoding = 4; lastKnownFileType = sourcecode.swift; path = CloseButton.swift; sourceTree = "<group>"; };
		58B3AE132A5A57FC00B7245C /* PromoAnimatedBarGraphView.swift */ = {isa = PBXFileReference; fileEncoding = 4; lastKnownFileType = sourcecode.swift; path = PromoAnimatedBarGraphView.swift; sourceTree = "<group>"; };
		58B3AE142A5A57FC00B7245C /* PromoView.swift */ = {isa = PBXFileReference; fileEncoding = 4; lastKnownFileType = sourcecode.swift; path = PromoView.swift; sourceTree = "<group>"; };
/* End PBXFileReference section */

/* Begin PBXFrameworksBuildPhase section */
		58B3ADE92A5A566C00B7245C /* Frameworks */ = {
			isa = PBXFrameworksBuildPhase;
			buildActionMask = 2147483647;
			files = (
			);
			runOnlyForDeploymentPostprocessing = 0;
		};
/* End PBXFrameworksBuildPhase section */

/* Begin PBXGroup section */
		58B3ADE32A5A566C00B7245C = {
			isa = PBXGroup;
			children = (
				58B3ADEE2A5A566C00B7245C /* SpeakBuddyProject */,
				58B3ADED2A5A566C00B7245C /* Products */,
			);
			sourceTree = "<group>";
		};
		58B3ADED2A5A566C00B7245C /* Products */ = {
			isa = PBXGroup;
			children = (
				58B3ADEC2A5A566C00B7245C /* SpeakBuddyProject.app */,
			);
			name = Products;
			sourceTree = "<group>";
		};
		58B3ADEE2A5A566C00B7245C /* SpeakBuddyProject */ = {
			isa = PBXGroup;
			children = (
				58B3AE0D2A5A57FC00B7245C /* Presentation */,
				58B3ADEF2A5A566C00B7245C /* SpeakBuddyProjectApp.swift */,
				58B3ADF32A5A566E00B7245C /* Assets.xcassets */,
				58B3ADF52A5A566E00B7245C /* Preview Content */,
			);
			path = SpeakBuddyProject;
			sourceTree = "<group>";
		};
		58B3ADF52A5A566E00B7245C /* Preview Content */ = {
			isa = PBXGroup;
			children = (
				58B3ADF62A5A566E00B7245C /* Preview Assets.xcassets */,
			);
			path = "Preview Content";
			sourceTree = "<group>";
		};
		58B3AE0D2A5A57FC00B7245C /* Presentation */ = {
			isa = PBXGroup;
			children = (
				58B3AE0E2A5A57FC00B7245C /* SpeakBuddyColors.swift */,
				58B3AE0F2A5A57FC00B7245C /* SpeakBuddyFonts.swift */,
				58B3AE102A5A57FC00B7245C /* Views */,
			);
			path = Presentation;
			sourceTree = "<group>";
		};
		58B3AE102A5A57FC00B7245C /* Views */ = {
			isa = PBXGroup;
			children = (
				58B3AE112A5A57FC00B7245C /* SpeakBuddyButton.swift */,
				58B3AE122A5A57FC00B7245C /* CloseButton.swift */,
				58B3AE132A5A57FC00B7245C /* PromoAnimatedBarGraphView.swift */,
				58B3AE142A5A57FC00B7245C /* PromoView.swift */,
			);
			path = Views;
			sourceTree = "<group>";
		};
/* End PBXGroup section */

/* Begin PBXNativeTarget section */
		58B3ADEB2A5A566C00B7245C /* SpeakBuddyProject */ = {
			isa = PBXNativeTarget;
			buildConfigurationList = 58B3ADFA2A5A566E00B7245C /* Build configuration list for PBXNativeTarget "SpeakBuddyProject" */;
			buildPhases = (
				58B3ADE82A5A566C00B7245C /* Sources */,
				58B3ADE92A5A566C00B7245C /* Frameworks */,
				58B3ADEA2A5A566C00B7245C /* Resources */,
			);
			buildRules = (
			);
			dependencies = (
			);
			name = SpeakBuddyProject;
			productName = SpeakBuddyProject;
			productReference = 58B3ADEC2A5A566C00B7245C /* SpeakBuddyProject.app */;
			productType = "com.apple.product-type.application";
		};
/* End PBXNativeTarget section */

/* Begin PBXProject section */
		58B3ADE42A5A566C00B7245C /* Project object */ = {
			isa = PBXProject;
			attributes = {
				BuildIndependentTargetsInParallel = 1;
				LastSwiftUpdateCheck = 1420;
				LastUpgradeCheck = 1420;
				TargetAttributes = {
					58B3ADEB2A5A566C00B7245C = {
						CreatedOnToolsVersion = 14.2;
					};
				};
			};
			buildConfigurationList = 58B3ADE72A5A566C00B7245C /* Build configuration list for PBXProject "SpeakBuddyProject" */;
			compatibilityVersion = "Xcode 14.0";
			developmentRegion = en;
			hasScannedForEncodings = 0;
			knownRegions = (
				en,
				Base,
			);
			mainGroup = 58B3ADE32A5A566C00B7245C;
			productRefGroup = 58B3ADED2A5A566C00B7245C /* Products */;
			projectDirPath = "";
			projectRoot = "";
			targets = (
				58B3ADEB2A5A566C00B7245C /* SpeakBuddyProject */,
			);
		};
/* End PBXProject section */

/* Begin PBXResourcesBuildPhase section */
		58B3ADEA2A5A566C00B7245C /* Resources */ = {
			isa = PBXResourcesBuildPhase;
			buildActionMask = 2147483647;
			files = (
				58B3ADF72A5A566E00B7245C /* Preview Assets.xcassets in Resources */,
				58B3ADF42A5A566E00B7245C /* Assets.xcassets in Resources */,
			);
			runOnlyForDeploymentPostprocessing = 0;
		};
/* End PBXResourcesBuildPhase section */

/* Begin PBXSourcesBuildPhase section */
		58B3ADE82A5A566C00B7245C /* Sources */ = {
			isa = PBXSourcesBuildPhase;
			buildActionMask = 2147483647;
			files = (
				58B3AE1A2A5A57FC00B7245C /* PromoView.swift in Sources */,
				58B3AE182A5A57FC00B7245C /* CloseButton.swift in Sources */,
				58B3ADF02A5A566C00B7245C /* SpeakBuddyProjectApp.swift in Sources */,
				58B3AE192A5A57FC00B7245C /* PromoAnimatedBarGraphView.swift in Sources */,
				58B3AE172A5A57FC00B7245C /* SpeakBuddyButton.swift in Sources */,
				58B3AE162A5A57FC00B7245C /* SpeakBuddyFonts.swift in Sources */,
				58B3AE152A5A57FC00B7245C /* SpeakBuddyColors.swift in Sources */,
			);
			runOnlyForDeploymentPostprocessing = 0;
		};
/* End PBXSourcesBuildPhase section */

/* Begin XCBuildConfiguration section */
		58B3ADF82A5A566E00B7245C /* Debug */ = {
			isa = XCBuildConfiguration;
			buildSettings = {
				ALWAYS_SEARCH_USER_PATHS = NO;
				CLANG_ANALYZER_NONNULL = YES;
				CLANG_ANALYZER_NUMBER_OBJECT_CONVERSION = YES_AGGRESSIVE;
				CLANG_CXX_LANGUAGE_STANDARD = "gnu++20";
				CLANG_ENABLE_MODULES = YES;
				CLANG_ENABLE_OBJC_ARC = YES;
				CLANG_ENABLE_OBJC_WEAK = YES;
				CLANG_WARN_BLOCK_CAPTURE_AUTORELEASING = YES;
				CLANG_WARN_BOOL_CONVERSION = YES;
				CLANG_WARN_COMMA = YES;
				CLANG_WARN_CONSTANT_CONVERSION = YES;
				CLANG_WARN_DEPRECATED_OBJC_IMPLEMENTATIONS = YES;
				CLANG_WARN_DIRECT_OBJC_ISA_USAGE = YES_ERROR;
				CLANG_WARN_DOCUMENTATION_COMMENTS = YES;
				CLANG_WARN_EMPTY_BODY = YES;
				CLANG_WARN_ENUM_CONVERSION = YES;
				CLANG_WARN_INFINITE_RECURSION = YES;
				CLANG_WARN_INT_CONVERSION = YES;
				CLANG_WARN_NON_LITERAL_NULL_CONVERSION = YES;
				CLANG_WARN_OBJC_IMPLICIT_RETAIN_SELF = YES;
				CLANG_WARN_OBJC_LITERAL_CONVERSION = YES;
				CLANG_WARN_OBJC_ROOT_CLASS = YES_ERROR;
				CLANG_WARN_QUOTED_INCLUDE_IN_FRAMEWORK_HEADER = YES;
				CLANG_WARN_RANGE_LOOP_ANALYSIS = YES;
				CLANG_WARN_STRICT_PROTOTYPES = YES;
				CLANG_WARN_SUSPICIOUS_MOVE = YES;
				CLANG_WARN_UNGUARDED_AVAILABILITY = YES_AGGRESSIVE;
				CLANG_WARN_UNREACHABLE_CODE = YES;
				CLANG_WARN__DUPLICATE_METHOD_MATCH = YES;
				COPY_PHASE_STRIP = NO;
				DEBUG_INFORMATION_FORMAT = dwarf;
				ENABLE_STRICT_OBJC_MSGSEND = YES;
				ENABLE_TESTABILITY = YES;
				GCC_C_LANGUAGE_STANDARD = gnu11;
				GCC_DYNAMIC_NO_PIC = NO;
				GCC_NO_COMMON_BLOCKS = YES;
				GCC_OPTIMIZATION_LEVEL = 0;
				GCC_PREPROCESSOR_DEFINITIONS = (
					"DEBUG=1",
					"$(inherited)",
				);
				GCC_WARN_64_TO_32_BIT_CONVERSION = YES;
				GCC_WARN_ABOUT_RETURN_TYPE = YES_ERROR;
				GCC_WARN_UNDECLARED_SELECTOR = YES;
				GCC_WARN_UNINITIALIZED_AUTOS = YES_AGGRESSIVE;
				GCC_WARN_UNUSED_FUNCTION = YES;
				GCC_WARN_UNUSED_VARIABLE = YES;
				IPHONEOS_DEPLOYMENT_TARGET = 16.2;
				MTL_ENABLE_DEBUG_INFO = INCLUDE_SOURCE;
				MTL_FAST_MATH = YES;
				ONLY_ACTIVE_ARCH = YES;
				SDKROOT = iphoneos;
				SWIFT_ACTIVE_COMPILATION_CONDITIONS = DEBUG;
				SWIFT_OPTIMIZATION_LEVEL = "-Onone";
			};
			name = Debug;
		};
		58B3ADF92A5A566E00B7245C /* Release */ = {
			isa = XCBuildConfiguration;
			buildSettings = {
				ALWAYS_SEARCH_USER_PATHS = NO;
				CLANG_ANALYZER_NONNULL = YES;
				CLANG_ANALYZER_NUMBER_OBJECT_CONVERSION = YES_AGGRESSIVE;
				CLANG_CXX_LANGUAGE_STANDARD = "gnu++20";
				CLANG_ENABLE_MODULES = YES;
				CLANG_ENABLE_OBJC_ARC = YES;
				CLANG_ENABLE_OBJC_WEAK = YES;
				CLANG_WARN_BLOCK_CAPTURE_AUTORELEASING = YES;
				CLANG_WARN_BOOL_CONVERSION = YES;
				CLANG_WARN_COMMA = YES;
				CLANG_WARN_CONSTANT_CONVERSION = YES;
				CLANG_WARN_DEPRECATED_OBJC_IMPLEMENTATIONS = YES;
				CLANG_WARN_DIRECT_OBJC_ISA_USAGE = YES_ERROR;
				CLANG_WARN_DOCUMENTATION_COMMENTS = YES;
				CLANG_WARN_EMPTY_BODY = YES;
				CLANG_WARN_ENUM_CONVERSION = YES;
				CLANG_WARN_INFINITE_RECURSION = YES;
				CLANG_WARN_INT_CONVERSION = YES;
				CLANG_WARN_NON_LITERAL_NULL_CONVERSION = YES;
				CLANG_WARN_OBJC_IMPLICIT_RETAIN_SELF = YES;
				CLANG_WARN_OBJC_LITERAL_CONVERSION = YES;
				CLANG_WARN_OBJC_ROOT_CLASS = YES_ERROR;
				CLANG_WARN_QUOTED_INCLUDE_IN_FRAMEWORK_HEADER = YES;
				CLANG_WARN_RANGE_LOOP_ANALYSIS = YES;
				CLANG_WARN_STRICT_PROTOTYPES = YES;
				CLANG_WARN_SUSPICIOUS_MOVE = YES;
				CLANG_WARN_UNGUARDED_AVAILABILITY = YES_AGGRESSIVE;
				CLANG_WARN_UNREACHABLE_CODE = YES;
				CLANG_WARN__DUPLICATE_METHOD_MATCH = YES;
				COPY_PHASE_STRIP = NO;
				DEBUG_INFORMATION_FORMAT = "dwarf-with-dsym";
				ENABLE_NS_ASSERTIONS = NO;
				ENABLE_STRICT_OBJC_MSGSEND = YES;
				GCC_C_LANGUAGE_STANDARD = gnu11;
				GCC_NO_COMMON_BLOCKS = YES;
				GCC_WARN_64_TO_32_BIT_CONVERSION = YES;
				GCC_WARN_ABOUT_RETURN_TYPE = YES_ERROR;
				GCC_WARN_UNDECLARED_SELECTOR = YES;
				GCC_WARN_UNINITIALIZED_AUTOS = YES_AGGRESSIVE;
				GCC_WARN_UNUSED_FUNCTION = YES;
				GCC_WARN_UNUSED_VARIABLE = YES;
				IPHONEOS_DEPLOYMENT_TARGET = 16.2;
				MTL_ENABLE_DEBUG_INFO = NO;
				MTL_FAST_MATH = YES;
				SDKROOT = iphoneos;
				SWIFT_COMPILATION_MODE = wholemodule;
				SWIFT_OPTIMIZATION_LEVEL = "-O";
				VALIDATE_PRODUCT = YES;
			};
			name = Release;
		};
		58B3ADFB2A5A566E00B7245C /* Debug */ = {
			isa = XCBuildConfiguration;
			buildSettings = {
				ASSETCATALOG_COMPILER_APPICON_NAME = AppIcon;
				ASSETCATALOG_COMPILER_GLOBAL_ACCENT_COLOR_NAME = AccentColor;
				CODE_SIGN_STYLE = Automatic;
				CURRENT_PROJECT_VERSION = 1;
				DEVELOPMENT_ASSET_PATHS = "\"SpeakBuddyProject/Preview Content\"";
				DEVELOPMENT_TEAM = VTWUR964WH;
				ENABLE_PREVIEWS = YES;
				GENERATE_INFOPLIST_FILE = YES;
				INFOPLIST_KEY_UIApplicationSceneManifest_Generation = YES;
				INFOPLIST_KEY_UIApplicationSupportsIndirectInputEvents = YES;
				INFOPLIST_KEY_UILaunchScreen_Generation = YES;
				INFOPLIST_KEY_UISupportedInterfaceOrientations_iPad = "UIInterfaceOrientationPortrait UIInterfaceOrientationPortraitUpsideDown UIInterfaceOrientationLandscapeLeft UIInterfaceOrientationLandscapeRight";
				INFOPLIST_KEY_UISupportedInterfaceOrientations_iPhone = "UIInterfaceOrientationPortrait UIInterfaceOrientationLandscapeLeft UIInterfaceOrientationLandscapeRight";
				LD_RUNPATH_SEARCH_PATHS = (
					"$(inherited)",
					"@executable_path/Frameworks",
				);
				MARKETING_VERSION = 1.0;
				PRODUCT_BUNDLE_IDENTIFIER = com.bac.SpeakBuddyProject;
				PRODUCT_NAME = "$(TARGET_NAME)";
				SWIFT_EMIT_LOC_STRINGS = YES;
				SWIFT_VERSION = 5.0;
				TARGETED_DEVICE_FAMILY = "1,2";
			};
			name = Debug;
		};
		58B3ADFC2A5A566E00B7245C /* Release */ = {
			isa = XCBuildConfiguration;
			buildSettings = {
				ASSETCATALOG_COMPILER_APPICON_NAME = AppIcon;
				ASSETCATALOG_COMPILER_GLOBAL_ACCENT_COLOR_NAME = AccentColor;
				CODE_SIGN_STYLE = Automatic;
				CURRENT_PROJECT_VERSION = 1;
				DEVELOPMENT_ASSET_PATHS = "\"SpeakBuddyProject/Preview Content\"";
				DEVELOPMENT_TEAM = VTWUR964WH;
				ENABLE_PREVIEWS = YES;
				GENERATE_INFOPLIST_FILE = YES;
				INFOPLIST_KEY_UIApplicationSceneManifest_Generation = YES;
				INFOPLIST_KEY_UIApplicationSupportsIndirectInputEvents = YES;
				INFOPLIST_KEY_UILaunchScreen_Generation = YES;
				INFOPLIST_KEY_UISupportedInterfaceOrientations_iPad = "UIInterfaceOrientationPortrait UIInterfaceOrientationPortraitUpsideDown UIInterfaceOrientationLandscapeLeft UIInterfaceOrientationLandscapeRight";
				INFOPLIST_KEY_UISupportedInterfaceOrientations_iPhone = "UIInterfaceOrientationPortrait UIInterfaceOrientationLandscapeLeft UIInterfaceOrientationLandscapeRight";
				LD_RUNPATH_SEARCH_PATHS = (
					"$(inherited)",
					"@executable_path/Frameworks",
				);
				MARKETING_VERSION = 1.0;
				PRODUCT_BUNDLE_IDENTIFIER = com.bac.SpeakBuddyProject;
				PRODUCT_NAME = "$(TARGET_NAME)";
				SWIFT_EMIT_LOC_STRINGS = YES;
				SWIFT_VERSION = 5.0;
				TARGETED_DEVICE_FAMILY = "1,2";
			};
			name = Release;
		};
/* End XCBuildConfiguration section */

/* Begin XCConfigurationList section */
		58B3ADE72A5A566C00B7245C /* Build configuration list for PBXProject "SpeakBuddyProject" */ = {
			isa = XCConfigurationList;
			buildConfigurations = (
				58B3ADF82A5A566E00B7245C /* Debug */,
				58B3ADF92A5A566E00B7245C /* Release */,
			);
			defaultConfigurationIsVisible = 0;
			defaultConfigurationName = Release;
		};
		58B3ADFA2A5A566E00B7245C /* Build configuration list for PBXNativeTarget "SpeakBuddyProject" */ = {
			isa = XCConfigurationList;
			buildConfigurations = (
				58B3ADFB2A5A566E00B7245C /* Debug */,
				58B3ADFC2A5A566E00B7245C /* Release */,
			);
			defaultConfigurationIsVisible = 0;
			defaultConfigurationName = Release;
		};
/* End XCConfigurationList section */
	};
	rootObject = 58B3ADE42A5A566C00B7245C /* Project object */;
}
